// !$*UTF8*$!
{
	archiveVersion = 1;
	classes = {
	};
	objectVersion = 77;
	objects = {

/* Begin PBXBuildFile section */
		1852DDA2B13E1C8CDA1B1CB4 /* KuiklyRenderViewController.m in Sources */ = {isa = PBXBuildFile; fileRef = TEMP_2C054952-344C-497A-A18E-3E308EC998DB /* KuiklyRenderViewController.m */; };
		44F50FFB036418E22130214B /* XiaoZhiModule.m in Sources */ = {isa = PBXBuildFile; fileRef = TEMP_50065F33-5EB0-4707-955F-216567030E69 /* XiaoZhiModule.m */; };
		56B64D621E251DA6BA6A27E2 /* AppDelegate.m in Sources */ = {isa = PBXBuildFile; fileRef = TEMP_F77FC5C9-B3C6-469A-911A-C70CEB465944 /* AppDelegate.m */; };
		82076E2947B82E2418CA3DB5 /* shared.framework in Embed Frameworks */ = {isa = PBXBuildFile; fileRef = C76C6AC69873090EB53328B9 /* shared.framework */; settings = {ATTRIBUTES = (CodeSignOnCopy, RemoveHeadersOnCopy, ); }; };
		A263D22445BFDC6055846734 /* libPods-macosApp.a in Frameworks */ = {isa = PBXBuildFile; fileRef = F48F0439D9118F659D03D380 /* libPods-macosApp.a */; };
		B1E05F5E3629FEBB27933562 /* KRRouterHandler.m in Sources */ = {isa = PBXBuildFile; fileRef = TEMP_C216164C-6639-4E32-B120-0D4F544C8C45 /* KRRouterHandler.m */; };
		B2FE56198131D80B2580FF2F /* shared.framework in Frameworks */ = {isa = PBXBuildFile; fileRef = C76C6AC69873090EB53328B9 /* shared.framework */; };
		DD7ABFF600C3C774913A9754 /* SceneDelegate.m in Sources */ = {isa = PBXBuildFile; fileRef = TEMP_7DDD3274-CD27-47C9-A889-6C3377B2EDF4 /* SceneDelegate.m */; };
		E1A6610423B5E2D97E80520A /* main.m in Sources */ = {isa = PBXBuildFile; fileRef = TEMP_05629A4D-A375-47EC-8D40-7BD0794ABD41 /* main.m */; };
/* End PBXBuildFile section */

/* Begin PBXCopyFilesBuildPhase section */
		E84E649C8173B4FB20288204 /* Embed Frameworks */ = {
			isa = PBXCopyFilesBuildPhase;
			buildActionMask = 2147483647;
			dstPath = "";
			dstSubfolderSpec = 10;
			files = (
				82076E2947B82E2418CA3DB5 /* shared.framework in Embed Frameworks */,
			);
			name = "Embed Frameworks";
			runOnlyForDeploymentPostprocessing = 0;
		};
/* End PBXCopyFilesBuildPhase section */

/* Begin PBXFileReference section */
		2863A489DBCF47E96F493A00 /* macosApp.app */ = {isa = PBXFileReference; explicitFileType = wrapper.application; includeInIndex = 0; path = macosApp.app; sourceTree = BUILT_PRODUCTS_DIR; };
		531C1E0318AFE9914638BE9B /* Pods-macosApp.debug.xcconfig */ = {isa = PBXFileReference; includeInIndex = 1; lastKnownFileType = text.xcconfig; name = "Pods-macosApp.debug.xcconfig"; path = "Target Support Files/Pods-macosApp/Pods-macosApp.debug.xcconfig"; sourceTree = "<group>"; };
		99C579C5522F07D7E94C2A59 /* Pods-macosApp.release.xcconfig */ = {isa = PBXFileReference; includeInIndex = 1; lastKnownFileType = text.xcconfig; name = "Pods-macosApp.release.xcconfig"; path = "Target Support Files/Pods-macosApp/Pods-macosApp.release.xcconfig"; sourceTree = "<group>"; };
		C76C6AC69873090EB53328B9 /* shared.framework */ = {isa = PBXFileReference; lastKnownFileType = wrapper.framework; name = shared.framework; path = ../../shared/build/bin/macosArm64/releaseFramework/shared.framework; sourceTree = "<group>"; };
		F48F0439D9118F659D03D380 /* libPods-macosApp.a */ = {isa = PBXFileReference; explicitFileType = archive.ar; includeInIndex = 0; path = "libPods-macosApp.a"; sourceTree = BUILT_PRODUCTS_DIR; };
		TEMP_05629A4D-A375-47EC-8D40-7BD0794ABD41 /* main.m */ = {isa = PBXFileReference; lastKnownFileType = sourcecode.c.objc; path = main.m; sourceTree = "<group>"; };
		TEMP_2C054952-344C-497A-A18E-3E308EC998DB /* KuiklyRenderViewController.m */ = {isa = PBXFileReference; lastKnownFileType = sourcecode.c.objc; path = KuiklyRenderViewController.m; sourceTree = "<group>"; };
		TEMP_50065F33-5EB0-4707-955F-216567030E69 /* XiaoZhiModule.m */ = {isa = PBXFileReference; lastKnownFileType = sourcecode.c.objc; path = XiaoZhiModule.m; sourceTree = "<group>"; };
		TEMP_7DDD3274-CD27-47C9-A889-6C3377B2EDF4 /* SceneDelegate.m */ = {isa = PBXFileReference; lastKnownFileType = sourcecode.c.objc; path = SceneDelegate.m; sourceTree = "<group>"; };
		TEMP_C216164C-6639-4E32-B120-0D4F544C8C45 /* KRRouterHandler.m */ = {isa = PBXFileReference; lastKnownFileType = sourcecode.c.objc; path = KRRouterHandler.m; sourceTree = "<group>"; };
		TEMP_F77FC5C9-B3C6-469A-911A-C70CEB465944 /* AppDelegate.m */ = {isa = PBXFileReference; lastKnownFileType = sourcecode.c.objc; path = AppDelegate.m; sourceTree = "<group>"; };
/* End PBXFileReference section */

/* Begin PBXFrameworksBuildPhase section */
		E745A4B0595D6DD763C11FE1 /* Frameworks */ = {
			isa = PBXFrameworksBuildPhase;
			buildActionMask = 2147483647;
			files = (
				B2FE56198131D80B2580FF2F /* shared.framework in Frameworks */,
				A263D22445BFDC6055846734 /* libPods-macosApp.a in Frameworks */,
			);
			runOnlyForDeploymentPostprocessing = 0;
		};
/* End PBXFrameworksBuildPhase section */

/* Begin PBXGroup section */
		315E352E3C275F0534E1E571 /* Frameworks */ = {
			isa = PBXGroup;
			children = (
				C76C6AC69873090EB53328B9 /* shared.framework */,
				F48F0439D9118F659D03D380 /* libPods-macosApp.a */,
			);
			name = Frameworks;
			sourceTree = "<group>";
		};
		572842642664AE95291FC9D0 /* Products */ = {
			isa = PBXGroup;
			children = (
				2863A489DBCF47E96F493A00 /* macosApp.app */,
			);
			name = Products;
			sourceTree = "<group>";
		};
		AAC9F062BCA099C25E3EA0C0 = {
			isa = PBXGroup;
			children = (
				315E352E3C275F0534E1E571 /* Frameworks */,
				572842642664AE95291FC9D0 /* Products */,
				BB6F4AC6B0C1748FB1EA9F0D /* Pods */,
			);
			sourceTree = "<group>";
		};
		BB6F4AC6B0C1748FB1EA9F0D /* Pods */ = {
			isa = PBXGroup;
			children = (
				531C1E0318AFE9914638BE9B /* Pods-macosApp.debug.xcconfig */,
				99C579C5522F07D7E94C2A59 /* Pods-macosApp.release.xcconfig */,
			);
			name = Pods;
			path = Pods;
			sourceTree = "<group>";
		};
/* End PBXGroup section */

/* Begin PBXNativeTarget section */
		1C678B9A1FEE10819404A5FE /* macosApp */ = {
			isa = PBXNativeTarget;
			buildConfigurationList = 317DD12EE6808A1F9C85D7CA /* Build configuration list for PBXNativeTarget "macosApp" */;
			buildPhases = (
				F4914004D091064E12A69273 /* [CP] Check Pods Manifest.lock */,
				90B6C29C3F0A90D21EEF004B /* Guardrail - 运行目标必须是 My Mac (Mac Catalyst) */,
				A9A6C77F0235BA27FADF472C /* Sources */,
				E745A4B0595D6DD763C11FE1 /* Frameworks */,
				E84E649C8173B4FB20288204 /* Embed Frameworks */,
			);
			buildRules = (
			);
			dependencies = (
			);
			name = macosApp;
			productName = macosApp;
			productReference = 2863A489DBCF47E96F493A00 /* macosApp.app */;
			productType = "com.apple.product-type.application";
		};
/* End PBXNativeTarget section */

/* Begin PBXProject section */
		6EC49F7EF99172E077AD0062 /* Project object */ = {
			isa = PBXProject;
			attributes = {
				BuildIndependentTargetsInParallel = YES;
				LastUpgradeCheck = 1430;
				TargetAttributes = {
					1C678B9A1FEE10819404A5FE = {
						ProvisioningStyle = Manual;
					};
				};
			};
			buildConfigurationList = 5AABA636C231EE2B4F0A1E28 /* Build configuration list for PBXProject "macosApp" */;
			developmentRegion = en;
			hasScannedForEncodings = 0;
			knownRegions = (
				Base,
				en,
			);
			mainGroup = AAC9F062BCA099C25E3EA0C0;
			minimizedProjectReferenceProxies = 1;
			preferredProjectObjectVersion = 77;
			productRefGroup = 572842642664AE95291FC9D0 /* Products */;
			projectDirPath = "";
			projectRoot = "";
			targets = (
				1C678B9A1FEE10819404A5FE /* macosApp */,
			);
		};
/* End PBXProject section */

/* Begin PBXShellScriptBuildPhase section */
		90B6C29C3F0A90D21EEF004B /* Guardrail - 运行目标必须是 My Mac (Mac Catalyst) */ = {
			isa = PBXShellScriptBuildPhase;
			buildActionMask = 2147483647;
			files = (
			);
			inputFileListPaths = (
			);
			inputPaths = (
			);
			name = "Guardrail - 运行目标必须是 My Mac (Mac Catalyst)";
			outputFileListPaths = (
			);
			outputPaths = (
			);
			runOnlyForDeploymentPostprocessing = 0;
			shellPath = /bin/sh;
			shellScript = "if [ \"${EFFECTIVE_PLATFORM_NAME}\" != \"-maccatalyst\" ]; then\n  echo \"error: 运行目标选错了。请把顶部的运行目标从 'My Mac' 切换为 'My Mac (Mac Catalyst)'（本 App 用 UIKit 渲染器，只能跑 Catalyst），再 Cmd+R。\"\n  exit 1\nfi\n";
		};
		F4914004D091064E12A69273 /* [CP] Check Pods Manifest.lock */ = {
			isa = PBXShellScriptBuildPhase;
			buildActionMask = 2147483647;
			files = (
			);
			inputFileListPaths = (
			);
			inputPaths = (
				"${PODS_PODFILE_DIR_PATH}/Podfile.lock",
				"${PODS_ROOT}/Manifest.lock",
			);
			name = "[CP] Check Pods Manifest.lock";
			outputFileListPaths = (
			);
			outputPaths = (
				"$(DERIVED_FILE_DIR)/Pods-macosApp-checkManifestLockResult.txt",
			);
			runOnlyForDeploymentPostprocessing = 0;
			shellPath = /bin/sh;
			shellScript = "diff \"${PODS_PODFILE_DIR_PATH}/Podfile.lock\" \"${PODS_ROOT}/Manifest.lock\" > /dev/null\nif [ $? != 0 ] ; then\n    # print error to STDERR\n    echo \"error: The sandbox is not in sync with the Podfile.lock. Run 'pod install' or update your CocoaPods installation.\" >&2\n    exit 1\nfi\n# This output is used by Xcode 'outputs' to avoid re-running this script phase.\necho \"SUCCESS\" > \"${SCRIPT_OUTPUT_FILE_0}\"\n";
			showEnvVarsInLog = 0;
		};
/* End PBXShellScriptBuildPhase section */

/* Begin PBXSourcesBuildPhase section */
		A9A6C77F0235BA27FADF472C /* Sources */ = {
			isa = PBXSourcesBuildPhase;
			buildActionMask = 2147483647;
			files = (
				56B64D621E251DA6BA6A27E2 /* AppDelegate.m in Sources */,
				B1E05F5E3629FEBB27933562 /* KRRouterHandler.m in Sources */,
				1852DDA2B13E1C8CDA1B1CB4 /* KuiklyRenderViewController.m in Sources */,
				DD7ABFF600C3C774913A9754 /* SceneDelegate.m in Sources */,
				44F50FFB036418E22130214B /* XiaoZhiModule.m in Sources */,
				E1A6610423B5E2D97E80520A /* main.m in Sources */,
			);
			runOnlyForDeploymentPostprocessing = 0;
		};
/* End PBXSourcesBuildPhase section */

/* Begin XCBuildConfiguration section */
		31C5665DEAD4A34768866A1C /* Release */ = {
			isa = XCBuildConfiguration;
			baseConfigurationReference = 99C579C5522F07D7E94C2A59 /* Pods-macosApp.release.xcconfig */;
			buildSettings = {
				ASSETCATALOG_COMPILER_APPICON_NAME = AppIcon;
				COMBINE_HIDPI_IMAGES = YES;
				FRAMEWORK_SEARCH_PATHS = (
					"$(inherited)",
					"\"../../shared/build/bin/macosArm64/releaseFramework\"",
				);
				INFOPLIST_FILE = Info.plist;
				LD_RUNPATH_SEARCH_PATHS = (
					"$(inherited)",
					"@executable_path/../Frameworks",
				);
				SDKROOT = macosx;
			};
			name = Release;
		};
		95EBFA399D8A2478C54B4166 /* Release */ = {
			isa = XCBuildConfiguration;
			buildSettings = {
				ALWAYS_SEARCH_USER_PATHS = NO;
				CLANG_ANALYZER_NONNULL = YES;
				CLANG_ANALYZER_NUMBER_OBJECT_CONVERSION = YES_AGGRESSIVE;
				CLANG_CXX_LANGUAGE_STANDARD = "gnu++14";
				CLANG_CXX_LIBRARY = "libc++";
				CLANG_ENABLE_MODULES = YES;
				CLANG_ENABLE_OBJC_ARC = YES;
				CLANG_ENABLE_OBJC_WEAK = YES;
				CLANG_WARN_BLOCK_CAPTURE_AUTORELEASING = YES;
				CLANG_WARN_BOOL_CONVERSION = YES;
				CLANG_WARN_COMMA = YES;
				CLANG_WARN_CONSTANT_CONVERSION = YES;
				CLANG_WARN_DEPRECATED_OBJC_IMPLEMENTATIONS = YES;
				CLANG_WARN_DIRECT_OBJC_ISA_USAGE = YES_ERROR;
				CLANG_WARN_DOCUMENTATION_COMMENTS = YES;
				CLANG_WARN_EMPTY_BODY = YES;
				CLANG_WARN_ENUM_CONVERSION = YES;
				CLANG_WARN_INFINITE_RECURSION = YES;
				CLANG_WARN_INT_CONVERSION = YES;
				CLANG_WARN_NON_LITERAL_NULL_CONVERSION = YES;
				CLANG_WARN_OBJC_IMPLICIT_RETAIN_SELF = YES;
				CLANG_WARN_OBJC_LITERAL_CONVERSION = YES;
				CLANG_WARN_OBJC_ROOT_CLASS = YES_ERROR;
				CLANG_WARN_QUOTED_INCLUDE_IN_FRAMEWORK_HEADER = YES;
				CLANG_WARN_RANGE_LOOP_ANALYSIS = YES;
				CLANG_WARN_STRICT_PROTOTYPES = YES;
				CLANG_WARN_SUSPICIOUS_MOVE = YES;
				CLANG_WARN_UNGUARDED_AVAILABILITY = YES_AGGRESSIVE;
				CLANG_WARN_UNREACHABLE_CODE = YES;
				CLANG_WARN__DUPLICATE_METHOD_MATCH = YES;
				CODE_SIGN_IDENTITY = "-";
				CODE_SIGN_STYLE = Manual;
				COPY_PHASE_STRIP = NO;
				DEBUG_INFORMATION_FORMAT = "dwarf-with-dsym";
				ENABLE_NS_ASSERTIONS = NO;
				ENABLE_STRICT_OBJC_MSGSEND = YES;
				FRAMEWORK_SEARCH_PATHS = (
					"$(inherited)",
					"$(PROJECT_DIR)/../../shared/build/bin/macosArm64/releaseFramework",
				);
				GCC_C_LANGUAGE_STANDARD = gnu11;
				GCC_NO_COMMON_BLOCKS = YES;
				GCC_WARN_64_TO_32_BIT_CONVERSION = YES;
				GCC_WARN_ABOUT_RETURN_TYPE = YES_ERROR;
				GCC_WARN_UNDECLARED_SELECTOR = YES;
				GCC_WARN_UNINITIALIZED_AUTOS = YES_AGGRESSIVE;
				GCC_WARN_UNUSED_FUNCTION = YES;
				GCC_WARN_UNUSED_VARIABLE = YES;
				INFOPLIST_FILE = Info.plist;
				LD_RUNPATH_SEARCH_PATHS = "@executable_path/../Frameworks";
				MACOSX_DEPLOYMENT_TARGET = 12.0;
				MTL_ENABLE_DEBUG_INFO = NO;
				MTL_FAST_MATH = YES;
				PRODUCT_BUNDLE_IDENTIFIER = com.xiaozhi.admin.macosApp;
				PRODUCT_NAME = macosApp;
				SDKROOT = macosx;
				SUPPORTS_MACCATALYST = YES;
				SWIFT_COMPILATION_MODE = wholemodule;
				SWIFT_OPTIMIZATION_LEVEL = "-O";
				SWIFT_VERSION = 5.0;
			};
			name = Release;
		};
		B7F8BEF54DEF0229A6D8BA96 /* Debug */ = {
			isa = XCBuildConfiguration;
			buildSettings = {
				ALWAYS_SEARCH_USER_PATHS = NO;
				CLANG_ANALYZER_NONNULL = YES;
				CLANG_ANALYZER_NUMBER_OBJECT_CONVERSION = YES_AGGRESSIVE;
				CLANG_CXX_LANGUAGE_STANDARD = "gnu++14";
				CLANG_CXX_LIBRARY = "libc++";
				CLANG_ENABLE_MODULES = YES;
				CLANG_ENABLE_OBJC_ARC = YES;
				CLANG_ENABLE_OBJC_WEAK = YES;
				CLANG_WARN_BLOCK_CAPTURE_AUTORELEASING = YES;
				CLANG_WARN_BOOL_CONVERSION = YES;
				CLANG_WARN_COMMA = YES;
				CLANG_WARN_CONSTANT_CONVERSION = YES;
				CLANG_WARN_DEPRECATED_OBJC_IMPLEMENTATIONS = YES;
				CLANG_WARN_DIRECT_OBJC_ISA_USAGE = YES_ERROR;
				CLANG_WARN_DOCUMENTATION_COMMENTS = YES;
				CLANG_WARN_EMPTY_BODY = YES;
				CLANG_WARN_ENUM_CONVERSION = YES;
				CLANG_WARN_INFINITE_RECURSION = YES;
				CLANG_WARN_INT_CONVERSION = YES;
				CLANG_WARN_NON_LITERAL_NULL_CONVERSION = YES;
				CLANG_WARN_OBJC_IMPLICIT_RETAIN_SELF = YES;
				CLANG_WARN_OBJC_LITERAL_CONVERSION = YES;
				CLANG_WARN_OBJC_ROOT_CLASS = YES_ERROR;
				CLANG_WARN_QUOTED_INCLUDE_IN_FRAMEWORK_HEADER = YES;
				CLANG_WARN_RANGE_LOOP_ANALYSIS = YES;
				CLANG_WARN_STRICT_PROTOTYPES = YES;
				CLANG_WARN_SUSPICIOUS_MOVE = YES;
				CLANG_WARN_UNGUARDED_AVAILABILITY = YES_AGGRESSIVE;
				CLANG_WARN_UNREACHABLE_CODE = YES;
				CLANG_WARN__DUPLICATE_METHOD_MATCH = YES;
				CODE_SIGN_IDENTITY = "-";
				CODE_SIGN_STYLE = Manual;
				COPY_PHASE_STRIP = NO;
				DEBUG_INFORMATION_FORMAT = dwarf;
				ENABLE_STRICT_OBJC_MSGSEND = YES;
				ENABLE_TESTABILITY = YES;
				FRAMEWORK_SEARCH_PATHS = (
					"$(inherited)",
					"$(PROJECT_DIR)/../../shared/build/bin/macosArm64/releaseFramework",
				);
				GCC_C_LANGUAGE_STANDARD = gnu11;
				GCC_DYNAMIC_NO_PIC = NO;
				GCC_NO_COMMON_BLOCKS = YES;
				GCC_OPTIMIZATION_LEVEL = 0;
				GCC_PREPROCESSOR_DEFINITIONS = (
					"$(inherited)",
					"DEBUG=1",
				);
				GCC_WARN_64_TO_32_BIT_CONVERSION = YES;
				GCC_WARN_ABOUT_RETURN_TYPE = YES_ERROR;
				GCC_WARN_UNDECLARED_SELECTOR = YES;
				GCC_WARN_UNINITIALIZED_AUTOS = YES_AGGRESSIVE;
				GCC_WARN_UNUSED_FUNCTION = YES;
				GCC_WARN_UNUSED_VARIABLE = YES;
				INFOPLIST_FILE = Info.plist;
				LD_RUNPATH_SEARCH_PATHS = "@executable_path/../Frameworks";
				MACOSX_DEPLOYMENT_TARGET = 12.0;
				MTL_ENABLE_DEBUG_INFO = INCLUDE_SOURCE;
				MTL_FAST_MATH = YES;
				ONLY_ACTIVE_ARCH = YES;
				PRODUCT_BUNDLE_IDENTIFIER = com.xiaozhi.admin.macosApp;
				PRODUCT_NAME = macosApp;
				SDKROOT = macosx;
				SUPPORTS_MACCATALYST = YES;
				SWIFT_ACTIVE_COMPILATION_CONDITIONS = DEBUG;
				SWIFT_OPTIMIZATION_LEVEL = "-Onone";
				SWIFT_VERSION = 5.0;
			};
			name = Debug;
		};
		D3855CB0315CF81CA0CC941D /* Debug */ = {
			isa = XCBuildConfiguration;
			baseConfigurationReference = 531C1E0318AFE9914638BE9B /* Pods-macosApp.debug.xcconfig */;
			buildSettings = {
				ASSETCATALOG_COMPILER_APPICON_NAME = AppIcon;
				COMBINE_HIDPI_IMAGES = YES;
				FRAMEWORK_SEARCH_PATHS = (
					"$(inherited)",
					"\"../../shared/build/bin/macosArm64/releaseFramework\"",
				);
				INFOPLIST_FILE = Info.plist;
				LD_RUNPATH_SEARCH_PATHS = (
					"$(inherited)",
					"@executable_path/../Frameworks",
				);
				SDKROOT = macosx;
			};
			name = Debug;
		};
/* End XCBuildConfiguration section */

/* Begin XCConfigurationList section */
		317DD12EE6808A1F9C85D7CA /* Build configuration list for PBXNativeTarget "macosApp" */ = {
			isa = XCConfigurationList;
			buildConfigurations = (
				D3855CB0315CF81CA0CC941D /* Debug */,
				31C5665DEAD4A34768866A1C /* Release */,
			);
			defaultConfigurationIsVisible = 0;
			defaultConfigurationName = Debug;
		};
		5AABA636C231EE2B4F0A1E28 /* Build configuration list for PBXProject "macosApp" */ = {
			isa = XCConfigurationList;
			buildConfigurations = (
				B7F8BEF54DEF0229A6D8BA96 /* Debug */,
				95EBFA399D8A2478C54B4166 /* Release */,
			);
			defaultConfigurationIsVisible = 0;
			defaultConfigurationName = Debug;
		};
/* End XCConfigurationList section */
	};
	rootObject = 6EC49F7EF99172E077AD0062 /* Project object */;
}
