// !$*UTF8*$!
{
	archiveVersion = 1;
	classes = {
	};
	objectVersion = 77;
	objects = {

/* Begin PBXBuildFile section */
		1F51A9F35DFB66B65F7B4752 /* XiaoZhiModule+Opus.m in Sources */ = {isa = PBXBuildFile; fileRef = TEMP_E035A842-D720-46F3-A2B3-0345CB4C56AF /* XiaoZhiModule+Opus.m */; };
		703AE691C12AC71D4EA23949 /* XiaoZhiModule.m in Sources */ = {isa = PBXBuildFile; fileRef = TEMP_85B35A58-79BC-4BF4-9FB2-C51A56E70251 /* XiaoZhiModule.m */; };
		82076E2947B82E2418CA3DB5 /* shared.framework in Embed Frameworks */ = {isa = PBXBuildFile; fileRef = C76C6AC69873090EB53328B9 /* shared.framework */; settings = {ATTRIBUTES = (CodeSignOnCopy, RemoveHeadersOnCopy, ); }; };
		82DFDEBB563ADB383F59AFEC /* AppDelegate.m in Sources */ = {isa = PBXBuildFile; fileRef = TEMP_AEA36454-BBCA-4B54-A5C9-31742C2A7278 /* AppDelegate.m */; };
		8434EBAE3A7CDEBEFB8D42DF /* KuiklyRenderViewController.m in Sources */ = {isa = PBXBuildFile; fileRef = TEMP_4AD48FD7-5CE1-460B-9067-DC574CE40E2F /* KuiklyRenderViewController.m */; };
		8C305F10607A1BFB8FB35795 /* SceneDelegate.m in Sources */ = {isa = PBXBuildFile; fileRef = TEMP_E64437E3-8E43-4E83-BB24-0CA5C958C6CE /* SceneDelegate.m */; };
		A3E6808AD60A6224D02CE326 /* KRRouterHandler.m in Sources */ = {isa = PBXBuildFile; fileRef = TEMP_140EE9DE-3EB5-49F4-84C0-C1F76638A60E /* KRRouterHandler.m */; };
		B29D75663517ED49E710EBD8 /* main.m in Sources */ = {isa = PBXBuildFile; fileRef = TEMP_24EFD524-AFE1-4F50-97A2-9FC8DD2FFCDE /* main.m */; };
		B2FE56198131D80B2580FF2F /* shared.framework in Frameworks */ = {isa = PBXBuildFile; fileRef = C76C6AC69873090EB53328B9 /* shared.framework */; };
		B92914B03896CF1368F1F0A4 /* XiaoZhiModule+Audio.m in Sources */ = {isa = PBXBuildFile; fileRef = TEMP_8A9C9252-4849-4B9C-826A-DD97A45BB108 /* XiaoZhiModule+Audio.m */; };
		DFB9EBA33A53D430F708990D /* libPods-macosApp.a in Frameworks */ = {isa = PBXBuildFile; fileRef = 09CF46B802501B55E644A8A5 /* libPods-macosApp.a */; };
/* End PBXBuildFile section */

/* Begin PBXCopyFilesBuildPhase section */
		E84E649C8173B4FB20288204 /* Embed Frameworks */ = {
			isa = PBXCopyFilesBuildPhase;
			buildActionMask = 2147483647;
			dstPath = "";
			dstSubfolderSpec = 10;
			files = (
				82076E2947B82E2418CA3DB5 /* shared.framework in Embed Frameworks */,
			);
			name = "Embed Frameworks";
			runOnlyForDeploymentPostprocessing = 0;
		};
/* End PBXCopyFilesBuildPhase section */

/* Begin PBXFileReference section */
		09CF46B802501B55E644A8A5 /* libPods-macosApp.a */ = {isa = PBXFileReference; explicitFileType = archive.ar; includeInIndex = 0; path = "libPods-macosApp.a"; sourceTree = BUILT_PRODUCTS_DIR; };
		2863A489DBCF47E96F493A00 /* macosApp.app */ = {isa = PBXFileReference; explicitFileType = wrapper.application; includeInIndex = 0; path = macosApp.app; sourceTree = BUILT_PRODUCTS_DIR; };
		2D45FC56180CD8D527AB08D6 /* Pods-macosApp.release.xcconfig */ = {isa = PBXFileReference; includeInIndex = 1; lastKnownFileType = text.xcconfig; name = "Pods-macosApp.release.xcconfig"; path = "Target Support Files/Pods-macosApp/Pods-macosApp.release.xcconfig"; sourceTree = "<group>"; };
		BC00BDB3F7F8D9FD44BD5E47 /* Pods-macosApp.debug.xcconfig */ = {isa = PBXFileReference; includeInIndex = 1; lastKnownFileType = text.xcconfig; name = "Pods-macosApp.debug.xcconfig"; path = "Target Support Files/Pods-macosApp/Pods-macosApp.debug.xcconfig"; sourceTree = "<group>"; };
		C76C6AC69873090EB53328B9 /* shared.framework */ = {isa = PBXFileReference; lastKnownFileType = wrapper.framework; name = shared.framework; path = ../../shared/build/bin/macosArm64/releaseFramework/shared.framework; sourceTree = "<group>"; };
		TEMP_140EE9DE-3EB5-49F4-84C0-C1F76638A60E /* KRRouterHandler.m */ = {isa = PBXFileReference; lastKnownFileType = sourcecode.c.objc; path = KRRouterHandler.m; sourceTree = "<group>"; };
		TEMP_24EFD524-AFE1-4F50-97A2-9FC8DD2FFCDE /* main.m */ = {isa = PBXFileReference; lastKnownFileType = sourcecode.c.objc; path = main.m; sourceTree = "<group>"; };
		TEMP_4AD48FD7-5CE1-460B-9067-DC574CE40E2F /* KuiklyRenderViewController.m */ = {isa = PBXFileReference; lastKnownFileType = sourcecode.c.objc; path = KuiklyRenderViewController.m; sourceTree = "<group>"; };
		TEMP_85B35A58-79BC-4BF4-9FB2-C51A56E70251 /* XiaoZhiModule.m */ = {isa = PBXFileReference; lastKnownFileType = sourcecode.c.objc; path = XiaoZhiModule.m; sourceTree = "<group>"; };
		TEMP_8A9C9252-4849-4B9C-826A-DD97A45BB108 /* XiaoZhiModule+Audio.m */ = {isa = PBXFileReference; lastKnownFileType = sourcecode.c.objc; path = "XiaoZhiModule+Audio.m"; sourceTree = "<group>"; };
		TEMP_AEA36454-BBCA-4B54-A5C9-31742C2A7278 /* AppDelegate.m */ = {isa = PBXFileReference; lastKnownFileType = sourcecode.c.objc; path = AppDelegate.m; sourceTree = "<group>"; };
		TEMP_E035A842-D720-46F3-A2B3-0345CB4C56AF /* XiaoZhiModule+Opus.m */ = {isa = PBXFileReference; lastKnownFileType = sourcecode.c.objc; path = "XiaoZhiModule+Opus.m"; sourceTree = "<group>"; };
		TEMP_E64437E3-8E43-4E83-BB24-0CA5C958C6CE /* SceneDelegate.m */ = {isa = PBXFileReference; lastKnownFileType = sourcecode.c.objc; path = SceneDelegate.m; sourceTree = "<group>"; };
/* End PBXFileReference section */

/* Begin PBXFrameworksBuildPhase section */
		E745A4B0595D6DD763C11FE1 /* Frameworks */ = {
			isa = PBXFrameworksBuildPhase;
			buildActionMask = 2147483647;
			files = (
				B2FE56198131D80B2580FF2F /* shared.framework in Frameworks */,
				DFB9EBA33A53D430F708990D /* libPods-macosApp.a in Frameworks */,
			);
			runOnlyForDeploymentPostprocessing = 0;
		};
/* End PBXFrameworksBuildPhase section */

/* Begin PBXGroup section */
		315E352E3C275F0534E1E571 /* Frameworks */ = {
			isa = PBXGroup;
			children = (
				C76C6AC69873090EB53328B9 /* shared.framework */,
				09CF46B802501B55E644A8A5 /* libPods-macosApp.a */,
			);
			name = Frameworks;
			sourceTree = "<group>";
		};
		572842642664AE95291FC9D0 /* Products */ = {
			isa = PBXGroup;
			children = (
				2863A489DBCF47E96F493A00 /* macosApp.app */,
			);
			name = Products;
			sourceTree = "<group>";
		};
		6D39255859286A48FDCD15C8 /* Pods */ = {
			isa = PBXGroup;
			children = (
				BC00BDB3F7F8D9FD44BD5E47 /* Pods-macosApp.debug.xcconfig */,
				2D45FC56180CD8D527AB08D6 /* Pods-macosApp.release.xcconfig */,
			);
			name = Pods;
			path = Pods;
			sourceTree = "<group>";
		};
		AAC9F062BCA099C25E3EA0C0 = {
			isa = PBXGroup;
			children = (
				315E352E3C275F0534E1E571 /* Frameworks */,
				572842642664AE95291FC9D0 /* Products */,
				6D39255859286A48FDCD15C8 /* Pods */,
			);
			sourceTree = "<group>";
		};
/* End PBXGroup section */

/* Begin PBXNativeTarget section */
		1C678B9A1FEE10819404A5FE /* macosApp */ = {
			isa = PBXNativeTarget;
			buildConfigurationList = 317DD12EE6808A1F9C85D7CA /* Build configuration list for PBXNativeTarget "macosApp" */;
			buildPhases = (
				6C93612502DAE306E116CBD9 /* [CP] Check Pods Manifest.lock */,
				90B6C29C3F0A90D21EEF004B /* Guardrail - 运行目标必须是 My Mac (Mac Catalyst) */,
				A9A6C77F0235BA27FADF472C /* Sources */,
				E745A4B0595D6DD763C11FE1 /* Frameworks */,
				E84E649C8173B4FB20288204 /* Embed Frameworks */,
			);
			buildRules = (
			);
			dependencies = (
			);
			name = macosApp;
			productName = macosApp;
			productReference = 2863A489DBCF47E96F493A00 /* macosApp.app */;
			productType = "com.apple.product-type.application";
		};
/* End PBXNativeTarget section */

/* Begin PBXProject section */
		6EC49F7EF99172E077AD0062 /* Project object */ = {
			isa = PBXProject;
			attributes = {
				BuildIndependentTargetsInParallel = YES;
				LastUpgradeCheck = 1430;
				TargetAttributes = {
					1C678B9A1FEE10819404A5FE = {
						ProvisioningStyle = Manual;
					};
				};
			};
			buildConfigurationList = 5AABA636C231EE2B4F0A1E28 /* Build configuration list for PBXProject "macosApp" */;
			developmentRegion = en;
			hasScannedForEncodings = 0;
			knownRegions = (
				Base,
				en,
			);
			mainGroup = AAC9F062BCA099C25E3EA0C0;
			minimizedProjectReferenceProxies = 1;
			preferredProjectObjectVersion = 77;
			productRefGroup = 572842642664AE95291FC9D0 /* Products */;
			projectDirPath = "";
			projectRoot = "";
			targets = (
				1C678B9A1FEE10819404A5FE /* macosApp */,
			);
		};
/* End PBXProject section */

/* Begin PBXShellScriptBuildPhase section */
		6C93612502DAE306E116CBD9 /* [CP] Check Pods Manifest.lock */ = {
			isa = PBXShellScriptBuildPhase;
			buildActionMask = 2147483647;
			files = (
			);
			inputFileListPaths = (
			);
			inputPaths = (
				"${PODS_PODFILE_DIR_PATH}/Podfile.lock",
				"${PODS_ROOT}/Manifest.lock",
			);
			name = "[CP] Check Pods Manifest.lock";
			outputFileListPaths = (
			);
			outputPaths = (
				"$(DERIVED_FILE_DIR)/Pods-macosApp-checkManifestLockResult.txt",
			);
			runOnlyForDeploymentPostprocessing = 0;
			shellPath = /bin/sh;
			shellScript = "diff \"${PODS_PODFILE_DIR_PATH}/Podfile.lock\" \"${PODS_ROOT}/Manifest.lock\" > /dev/null\nif [ $? != 0 ] ; then\n    # print error to STDERR\n    echo \"error: The sandbox is not in sync with the Podfile.lock. Run 'pod install' or update your CocoaPods installation.\" >&2\n    exit 1\nfi\n# This output is used by Xcode 'outputs' to avoid re-running this script phase.\necho \"SUCCESS\" > \"${SCRIPT_OUTPUT_FILE_0}\"\n";
			showEnvVarsInLog = 0;
		};
		90B6C29C3F0A90D21EEF004B /* Guardrail - 运行目标必须是 My Mac (Mac Catalyst) */ = {
			isa = PBXShellScriptBuildPhase;
			buildActionMask = 2147483647;
			files = (
			);
			inputFileListPaths = (
			);
			inputPaths = (
			);
			name = "Guardrail - 运行目标必须是 My Mac (Mac Catalyst)";
			outputFileListPaths = (
			);
			outputPaths = (
			);
			runOnlyForDeploymentPostprocessing = 0;
			shellPath = /bin/sh;
			shellScript = "if [ \"${EFFECTIVE_PLATFORM_NAME}\" != \"-maccatalyst\" ]; then\n  echo \"error: 运行目标选错了。请把顶部的运行目标从 'My Mac' 切换为 'My Mac (Mac Catalyst)'（本 App 用 UIKit 渲染器，只能跑 Catalyst），再 Cmd+R。\"\n  exit 1\nfi\n";
		};
/* End PBXShellScriptBuildPhase section */

/* Begin PBXSourcesBuildPhase section */
		A9A6C77F0235BA27FADF472C /* Sources */ = {
			isa = PBXSourcesBuildPhase;
			buildActionMask = 2147483647;
			files = (
				82DFDEBB563ADB383F59AFEC /* AppDelegate.m in Sources */,
				A3E6808AD60A6224D02CE326 /* KRRouterHandler.m in Sources */,
				8434EBAE3A7CDEBEFB8D42DF /* KuiklyRenderViewController.m in Sources */,
				8C305F10607A1BFB8FB35795 /* SceneDelegate.m in Sources */,
				B92914B03896CF1368F1F0A4 /* XiaoZhiModule+Audio.m in Sources */,
				1F51A9F35DFB66B65F7B4752 /* XiaoZhiModule+Opus.m in Sources */,
				703AE691C12AC71D4EA23949 /* XiaoZhiModule.m in Sources */,
				B29D75663517ED49E710EBD8 /* main.m in Sources */,
			);
			runOnlyForDeploymentPostprocessing = 0;
		};
/* End PBXSourcesBuildPhase section */

/* Begin XCBuildConfiguration section */
		31C5665DEAD4A34768866A1C /* Release */ = {
			isa = XCBuildConfiguration;
			baseConfigurationReference = 2D45FC56180CD8D527AB08D6 /* Pods-macosApp.release.xcconfig */;
			buildSettings = {
				ASSETCATALOG_COMPILER_APPICON_NAME = AppIcon;
				COMBINE_HIDPI_IMAGES = YES;
				FRAMEWORK_SEARCH_PATHS = (
					"$(inherited)",
					"\"../../shared/build/bin/macosArm64/releaseFramework\"",
				);
				INFOPLIST_FILE = Info.plist;
				LD_RUNPATH_SEARCH_PATHS = (
					"$(inherited)",
					"@executable_path/../Frameworks",
				);
				SDKROOT = macosx;
			};
			name = Release;
		};
		95EBFA399D8A2478C54B4166 /* Release */ = {
			isa = XCBuildConfiguration;
			buildSettings = {
				ALWAYS_SEARCH_USER_PATHS = NO;
				CLANG_ANALYZER_NONNULL = YES;
				CLANG_ANALYZER_NUMBER_OBJECT_CONVERSION = YES_AGGRESSIVE;
				CLANG_CXX_LANGUAGE_STANDARD = "gnu++14";
				CLANG_CXX_LIBRARY = "libc++";
				CLANG_ENABLE_MODULES = YES;
				CLANG_ENABLE_OBJC_ARC = YES;
				CLANG_ENABLE_OBJC_WEAK = YES;
				CLANG_WARN_BLOCK_CAPTURE_AUTORELEASING = YES;
				CLANG_WARN_BOOL_CONVERSION = YES;
				CLANG_WARN_COMMA = YES;
				CLANG_WARN_CONSTANT_CONVERSION = YES;
				CLANG_WARN_DEPRECATED_OBJC_IMPLEMENTATIONS = YES;
				CLANG_WARN_DIRECT_OBJC_ISA_USAGE = YES_ERROR;
				CLANG_WARN_DOCUMENTATION_COMMENTS = YES;
				CLANG_WARN_EMPTY_BODY = YES;
				CLANG_WARN_ENUM_CONVERSION = YES;
				CLANG_WARN_INFINITE_RECURSION = YES;
				CLANG_WARN_INT_CONVERSION = YES;
				CLANG_WARN_NON_LITERAL_NULL_CONVERSION = YES;
				CLANG_WARN_OBJC_IMPLICIT_RETAIN_SELF = YES;
				CLANG_WARN_OBJC_LITERAL_CONVERSION = YES;
				CLANG_WARN_OBJC_ROOT_CLASS = YES_ERROR;
				CLANG_WARN_QUOTED_INCLUDE_IN_FRAMEWORK_HEADER = YES;
				CLANG_WARN_RANGE_LOOP_ANALYSIS = YES;
				CLANG_WARN_STRICT_PROTOTYPES = YES;
				CLANG_WARN_SUSPICIOUS_MOVE = YES;
				CLANG_WARN_UNGUARDED_AVAILABILITY = YES_AGGRESSIVE;
				CLANG_WARN_UNREACHABLE_CODE = YES;
				CLANG_WARN__DUPLICATE_METHOD_MATCH = YES;
				CODE_SIGN_IDENTITY = "-";
				CODE_SIGN_STYLE = Manual;
				COPY_PHASE_STRIP = NO;
				DEBUG_INFORMATION_FORMAT = "dwarf-with-dsym";
				ENABLE_NS_ASSERTIONS = NO;
				ENABLE_STRICT_OBJC_MSGSEND = YES;
				FRAMEWORK_SEARCH_PATHS = (
					"$(inherited)",
					"$(PROJECT_DIR)/../../shared/build/bin/macosArm64/releaseFramework",
				);
				GCC_C_LANGUAGE_STANDARD = gnu11;
				GCC_NO_COMMON_BLOCKS = YES;
				GCC_WARN_64_TO_32_BIT_CONVERSION = YES;
				GCC_WARN_ABOUT_RETURN_TYPE = YES_ERROR;
				GCC_WARN_UNDECLARED_SELECTOR = YES;
				GCC_WARN_UNINITIALIZED_AUTOS = YES_AGGRESSIVE;
				GCC_WARN_UNUSED_FUNCTION = YES;
				GCC_WARN_UNUSED_VARIABLE = YES;
				INFOPLIST_FILE = Info.plist;
				LD_RUNPATH_SEARCH_PATHS = "@executable_path/../Frameworks";
				MACOSX_DEPLOYMENT_TARGET = 12.0;
				MTL_ENABLE_DEBUG_INFO = NO;
				MTL_FAST_MATH = YES;
				PRODUCT_BUNDLE_IDENTIFIER = com.xiaozhi.admin.macosApp;
				PRODUCT_NAME = macosApp;
				SDKROOT = macosx;
				SUPPORTS_MACCATALYST = YES;
				SWIFT_COMPILATION_MODE = wholemodule;
				SWIFT_OPTIMIZATION_LEVEL = "-O";
				SWIFT_VERSION = 5.0;
			};
			name = Release;
		};
		B7F8BEF54DEF0229A6D8BA96 /* Debug */ = {
			isa = XCBuildConfiguration;
			buildSettings = {
				ALWAYS_SEARCH_USER_PATHS = NO;
				CLANG_ANALYZER_NONNULL = YES;
				CLANG_ANALYZER_NUMBER_OBJECT_CONVERSION = YES_AGGRESSIVE;
				CLANG_CXX_LANGUAGE_STANDARD = "gnu++14";
				CLANG_CXX_LIBRARY = "libc++";
				CLANG_ENABLE_MODULES = YES;
				CLANG_ENABLE_OBJC_ARC = YES;
				CLANG_ENABLE_OBJC_WEAK = YES;
				CLANG_WARN_BLOCK_CAPTURE_AUTORELEASING = YES;
				CLANG_WARN_BOOL_CONVERSION = YES;
				CLANG_WARN_COMMA = YES;
				CLANG_WARN_CONSTANT_CONVERSION = YES;
				CLANG_WARN_DEPRECATED_OBJC_IMPLEMENTATIONS = YES;
				CLANG_WARN_DIRECT_OBJC_ISA_USAGE = YES_ERROR;
				CLANG_WARN_DOCUMENTATION_COMMENTS = YES;
				CLANG_WARN_EMPTY_BODY = YES;
				CLANG_WARN_ENUM_CONVERSION = YES;
				CLANG_WARN_INFINITE_RECURSION = YES;
				CLANG_WARN_INT_CONVERSION = YES;
				CLANG_WARN_NON_LITERAL_NULL_CONVERSION = YES;
				CLANG_WARN_OBJC_IMPLICIT_RETAIN_SELF = YES;
				CLANG_WARN_OBJC_LITERAL_CONVERSION = YES;
				CLANG_WARN_OBJC_ROOT_CLASS = YES_ERROR;
				CLANG_WARN_QUOTED_INCLUDE_IN_FRAMEWORK_HEADER = YES;
				CLANG_WARN_RANGE_LOOP_ANALYSIS = YES;
				CLANG_WARN_STRICT_PROTOTYPES = YES;
				CLANG_WARN_SUSPICIOUS_MOVE = YES;
				CLANG_WARN_UNGUARDED_AVAILABILITY = YES_AGGRESSIVE;
				CLANG_WARN_UNREACHABLE_CODE = YES;
				CLANG_WARN__DUPLICATE_METHOD_MATCH = YES;
				CODE_SIGN_IDENTITY = "-";
				CODE_SIGN_STYLE = Manual;
				COPY_PHASE_STRIP = NO;
				DEBUG_INFORMATION_FORMAT = dwarf;
				ENABLE_STRICT_OBJC_MSGSEND = YES;
				ENABLE_TESTABILITY = YES;
				FRAMEWORK_SEARCH_PATHS = (
					"$(inherited)",
					"$(PROJECT_DIR)/../../shared/build/bin/macosArm64/releaseFramework",
				);
				GCC_C_LANGUAGE_STANDARD = gnu11;
				GCC_DYNAMIC_NO_PIC = NO;
				GCC_NO_COMMON_BLOCKS = YES;
				GCC_OPTIMIZATION_LEVEL = 0;
				GCC_PREPROCESSOR_DEFINITIONS = (
					"$(inherited)",
					"DEBUG=1",
				);
				GCC_WARN_64_TO_32_BIT_CONVERSION = YES;
				GCC_WARN_ABOUT_RETURN_TYPE = YES_ERROR;
				GCC_WARN_UNDECLARED_SELECTOR = YES;
				GCC_WARN_UNINITIALIZED_AUTOS = YES_AGGRESSIVE;
				GCC_WARN_UNUSED_FUNCTION = YES;
				GCC_WARN_UNUSED_VARIABLE = YES;
				INFOPLIST_FILE = Info.plist;
				LD_RUNPATH_SEARCH_PATHS = "@executable_path/../Frameworks";
				MACOSX_DEPLOYMENT_TARGET = 12.0;
				MTL_ENABLE_DEBUG_INFO = INCLUDE_SOURCE;
				MTL_FAST_MATH = YES;
				ONLY_ACTIVE_ARCH = YES;
				PRODUCT_BUNDLE_IDENTIFIER = com.xiaozhi.admin.macosApp;
				PRODUCT_NAME = macosApp;
				SDKROOT = macosx;
				SUPPORTS_MACCATALYST = YES;
				SWIFT_ACTIVE_COMPILATION_CONDITIONS = DEBUG;
				SWIFT_OPTIMIZATION_LEVEL = "-Onone";
				SWIFT_VERSION = 5.0;
			};
			name = Debug;
		};
		D3855CB0315CF81CA0CC941D /* Debug */ = {
			isa = XCBuildConfiguration;
			baseConfigurationReference = BC00BDB3F7F8D9FD44BD5E47 /* Pods-macosApp.debug.xcconfig */;
			buildSettings = {
				ASSETCATALOG_COMPILER_APPICON_NAME = AppIcon;
				COMBINE_HIDPI_IMAGES = YES;
				FRAMEWORK_SEARCH_PATHS = (
					"$(inherited)",
					"\"../../shared/build/bin/macosArm64/releaseFramework\"",
				);
				INFOPLIST_FILE = Info.plist;
				LD_RUNPATH_SEARCH_PATHS = (
					"$(inherited)",
					"@executable_path/../Frameworks",
				);
				SDKROOT = macosx;
			};
			name = Debug;
		};
/* End XCBuildConfiguration section */

/* Begin XCConfigurationList section */
		317DD12EE6808A1F9C85D7CA /* Build configuration list for PBXNativeTarget "macosApp" */ = {
			isa = XCConfigurationList;
			buildConfigurations = (
				D3855CB0315CF81CA0CC941D /* Debug */,
				31C5665DEAD4A34768866A1C /* Release */,
			);
			defaultConfigurationIsVisible = 0;
			defaultConfigurationName = Debug;
		};
		5AABA636C231EE2B4F0A1E28 /* Build configuration list for PBXProject "macosApp" */ = {
			isa = XCConfigurationList;
			buildConfigurations = (
				B7F8BEF54DEF0229A6D8BA96 /* Debug */,
				95EBFA399D8A2478C54B4166 /* Release */,
			);
			defaultConfigurationIsVisible = 0;
			defaultConfigurationName = Debug;
		};
/* End XCConfigurationList section */
	};
	rootObject = 6EC49F7EF99172E077AD0062 /* Project object */;
}
